
Microsoft Visual Studio Solution File, Format Version 12.00
# Visual Studio Version 16
VisualStudioVersion = 16.0.30907.101
MinimumVisualStudioVersion = 10.0.40219.1
Project("{F184B08F-C81C-45F6-A57F-5ABD9991F28F}") = "RecomendacionRestaurantes", "RecomendacionRestaurantes\RecomendacionRestaurantes.vbproj", "{27752B7F-0AAC-4EC1-88FA-1E99C31C5005}"
EndProject
Global
	GlobalSection(SolutionConfigurationPlatforms) = preSolution
		Debug|Any CPU = Debug|Any CPU
		Release|Any CPU = Release|Any CPU
	EndGlobalSection
	GlobalSection(ProjectConfigurationPlatforms) = postSolution
		{27752B7F-0AAC-4EC1-88FA-1E99C31C5005}.Debug|Any CPU.ActiveCfg = Debug|Any CPU
		{27752B7F-0AAC-4EC1-88FA-1E99C31C5005}.Debug|Any CPU.Build.0 = Debug|Any CPU
		{27752B7F-0AAC-4EC1-88FA-1E99C31C5005}.Release|Any CPU.ActiveCfg = Release|Any CPU
		{27752B7F-0AAC-4EC1-88FA-1E99C31C5005}.Release|Any CPU.Build.0 = Release|Any CPU
	EndGlobalSection
	GlobalSection(SolutionProperties) = preSolution
		HideSolutionNode = FALSE
	EndGlobalSection
	GlobalSection(ExtensibilityGlobals) = postSolution
		SolutionGuid = {A8755CF0-3876-4AD0-967A-7087D7ED0D25}
	EndGlobalSection
EndGlobal
